
Microsoft Visual Studio Solution File, Format Version 12.00
# Visual Studio 14
VisualStudioVersion = 14.0.23107.0
MinimumVisualStudioVersion = 10.0.40219.1
Project("{FAE04EC0-301F-11D3-BF4B-00C04F79EFBC}") = "Enigma.D3.Core", "Enigma.D3.Core\Enigma.D3.Core.csproj", "{E01F9C34-F404-48DC-92E2-991DA7ADF9EB}"
EndProject
Project("{FAE04EC0-301F-11D3-BF4B-00C04F79EFBC}") = "Enigma.D3.Assets", "Enigma.D3.Assets\Enigma.D3.Assets.csproj", "{4B2BF057-3425-4520-8535-3372D330C653}"
EndProject
Project("{FAE04EC0-301F-11D3-BF4B-00C04F79EFBC}") = "Enigma.D3.Assets.MemoryExtensions", "Enigma.D3.Assets.MemoryExtensions\Enigma.D3.Assets.MemoryExtensions.csproj", "{D8B60512-F922-42C1-BEC2-6FAC42CE6315}"
EndProject
Project("{FAE04EC0-301F-11D3-BF4B-00C04F79EFBC}") = "Enigma.D3.MapHack", "Enigma.D3.MapHack\Enigma.D3.MapHack.csproj", "{75F91ECC-DF5A-4650-878E-4411BCC97D94}"
EndProject
Project("{FAE04EC0-301F-11D3-BF4B-00C04F79EFBC}") = "Enigma.D3.Memory", "Enigma.D3.Memory\Enigma.D3.Memory.csproj", "{23848103-7DC0-4AB0-958F-B8793FFD1F2D}"
EndProject
Project("{FAE04EC0-301F-11D3-BF4B-00C04F79EFBC}") = "Enigma.Wpf", "Enigma.Wpf\Enigma.Wpf.csproj", "{FDAB0808-F6E9-44D7-A411-121CCEC2E61E}"
EndProject
Project("{FAE04EC0-301F-11D3-BF4B-00C04F79EFBC}") = "Enigma.Memory", "Enigma.Memory\Enigma.Memory.csproj", "{3A385F29-42E2-4CAF-B1F2-2A1A7B90A971}"
EndProject
Project("{FAE04EC0-301F-11D3-BF4B-00C04F79EFBC}") = "Nav", "..\Nav\Nav\Nav.csproj", "{6A0A0A9F-86EA-4B84-BDE0-C93DCF95F828}"
EndProject
Project("{FAE04EC0-301F-11D3-BF4B-00C04F79EFBC}") = "Nav.D3", "..\Nav\Nav.D3\Nav.D3.csproj", "{964CEC1A-D2A6-40D8-A2C3-5CFF6F534316}"
EndProject
Project("{FAE04EC0-301F-11D3-BF4B-00C04F79EFBC}") = "NavMeshViewer", "..\Nav\NavMeshViewer\NavMeshViewer.csproj", "{5C67D21F-E477-41B5-9556-D4EF06E4E994}"
EndProject
Project("{FAE04EC0-301F-11D3-BF4B-00C04F79EFBC}") = "Dev.D3", "..\Dev.D3\Dev.D3.csproj", "{3980ABC5-EBF0-4AEF-ABF7-C382B8614E82}"
EndProject
Project("{FAE04EC0-301F-11D3-BF4B-00C04F79EFBC}") = "Dev.D3.Core", "..\Dev.D3\Dev.D3.Core\Dev.D3.Core.csproj", "{3DF5724D-C88A-460B-82B6-396FA0C740FF}"
EndProject
Global
	GlobalSection(SolutionConfigurationPlatforms) = preSolution
		Debug|Any CPU = Debug|Any CPU
		Debug|x64 = Debug|x64
		Debug|x86 = Debug|x86
		Hybrid|Any CPU = Hybrid|Any CPU
		Hybrid|x64 = Hybrid|x64
		Hybrid|x86 = Hybrid|x86
		Release|Any CPU = Release|Any CPU
		Release|x64 = Release|x64
		Release|x86 = Release|x86
	EndGlobalSection
	GlobalSection(ProjectConfigurationPlatforms) = postSolution
		{E01F9C34-F404-48DC-92E2-991DA7ADF9EB}.Debug|Any CPU.ActiveCfg = Debug|Any CPU
		{E01F9C34-F404-48DC-92E2-991DA7ADF9EB}.Debug|Any CPU.Build.0 = Debug|Any CPU
		{E01F9C34-F404-48DC-92E2-991DA7ADF9EB}.Debug|x64.ActiveCfg = Debug|Any CPU
		{E01F9C34-F404-48DC-92E2-991DA7ADF9EB}.Debug|x64.Build.0 = Debug|Any CPU
		{E01F9C34-F404-48DC-92E2-991DA7ADF9EB}.Debug|x86.ActiveCfg = Debug|Any CPU
		{E01F9C34-F404-48DC-92E2-991DA7ADF9EB}.Debug|x86.Build.0 = Debug|Any CPU
		{E01F9C34-F404-48DC-92E2-991DA7ADF9EB}.Hybrid|Any CPU.ActiveCfg = Release|Any CPU
		{E01F9C34-F404-48DC-92E2-991DA7ADF9EB}.Hybrid|Any CPU.Build.0 = Release|Any CPU
		{E01F9C34-F404-48DC-92E2-991DA7ADF9EB}.Hybrid|x64.ActiveCfg = Release|Any CPU
		{E01F9C34-F404-48DC-92E2-991DA7ADF9EB}.Hybrid|x64.Build.0 = Release|Any CPU
		{E01F9C34-F404-48DC-92E2-991DA7ADF9EB}.Hybrid|x86.ActiveCfg = Release|Any CPU
		{E01F9C34-F404-48DC-92E2-991DA7ADF9EB}.Hybrid|x86.Build.0 = Release|Any CPU
		{E01F9C34-F404-48DC-92E2-991DA7ADF9EB}.Release|Any CPU.ActiveCfg = Release|Any CPU
		{E01F9C34-F404-48DC-92E2-991DA7ADF9EB}.Release|Any CPU.Build.0 = Release|Any CPU
		{E01F9C34-F404-48DC-92E2-991DA7ADF9EB}.Release|x64.ActiveCfg = Release|Any CPU
		{E01F9C34-F404-48DC-92E2-991DA7ADF9EB}.Release|x64.Build.0 = Release|Any CPU
		{E01F9C34-F404-48DC-92E2-991DA7ADF9EB}.Release|x86.ActiveCfg = Release|Any CPU
		{E01F9C34-F404-48DC-92E2-991DA7ADF9EB}.Release|x86.Build.0 = Release|Any CPU
		{4B2BF057-3425-4520-8535-3372D330C653}.Debug|Any CPU.ActiveCfg = Debug|Any CPU
		{4B2BF057-3425-4520-8535-3372D330C653}.Debug|Any CPU.Build.0 = Debug|Any CPU
		{4B2BF057-3425-4520-8535-3372D330C653}.Debug|x64.ActiveCfg = Debug|x64
		{4B2BF057-3425-4520-8535-3372D330C653}.Debug|x64.Build.0 = Debug|x64
		{4B2BF057-3425-4520-8535-3372D330C653}.Debug|x86.ActiveCfg = Debug|x86
		{4B2BF057-3425-4520-8535-3372D330C653}.Debug|x86.Build.0 = Debug|x86
		{4B2BF057-3425-4520-8535-3372D330C653}.Hybrid|Any CPU.ActiveCfg = Release|Any CPU
		{4B2BF057-3425-4520-8535-3372D330C653}.Hybrid|Any CPU.Build.0 = Release|Any CPU
		{4B2BF057-3425-4520-8535-3372D330C653}.Hybrid|x64.ActiveCfg = Release|x64
		{4B2BF057-3425-4520-8535-3372D330C653}.Hybrid|x64.Build.0 = Release|x64
		{4B2BF057-3425-4520-8535-3372D330C653}.Hybrid|x86.ActiveCfg = Release|x86
		{4B2BF057-3425-4520-8535-3372D330C653}.Hybrid|x86.Build.0 = Release|x86
		{4B2BF057-3425-4520-8535-3372D330C653}.Release|Any CPU.ActiveCfg = Release|Any CPU
		{4B2BF057-3425-4520-8535-3372D330C653}.Release|Any CPU.Build.0 = Release|Any CPU
		{4B2BF057-3425-4520-8535-3372D330C653}.Release|x64.ActiveCfg = Release|x64
		{4B2BF057-3425-4520-8535-3372D330C653}.Release|x64.Build.0 = Release|x64
		{4B2BF057-3425-4520-8535-3372D330C653}.Release|x86.ActiveCfg = Release|x86
		{4B2BF057-3425-4520-8535-3372D330C653}.Release|x86.Build.0 = Release|x86
		{D8B60512-F922-42C1-BEC2-6FAC42CE6315}.Debug|Any CPU.ActiveCfg = Debug|Any CPU
		{D8B60512-F922-42C1-BEC2-6FAC42CE6315}.Debug|Any CPU.Build.0 = Debug|Any CPU
		{D8B60512-F922-42C1-BEC2-6FAC42CE6315}.Debug|x64.ActiveCfg = Debug|Any CPU
		{D8B60512-F922-42C1-BEC2-6FAC42CE6315}.Debug|x64.Build.0 = Debug|Any CPU
		{D8B60512-F922-42C1-BEC2-6FAC42CE6315}.Debug|x86.ActiveCfg = Debug|Any CPU
		{D8B60512-F922-42C1-BEC2-6FAC42CE6315}.Debug|x86.Build.0 = Debug|Any CPU
		{D8B60512-F922-42C1-BEC2-6FAC42CE6315}.Hybrid|Any CPU.ActiveCfg = Release|Any CPU
		{D8B60512-F922-42C1-BEC2-6FAC42CE6315}.Hybrid|Any CPU.Build.0 = Release|Any CPU
		{D8B60512-F922-42C1-BEC2-6FAC42CE6315}.Hybrid|x64.ActiveCfg = Release|Any CPU
		{D8B60512-F922-42C1-BEC2-6FAC42CE6315}.Hybrid|x64.Build.0 = Release|Any CPU
		{D8B60512-F922-42C1-BEC2-6FAC42CE6315}.Hybrid|x86.ActiveCfg = Release|Any CPU
		{D8B60512-F922-42C1-BEC2-6FAC42CE6315}.Hybrid|x86.Build.0 = Release|Any CPU
		{D8B60512-F922-42C1-BEC2-6FAC42CE6315}.Release|Any CPU.ActiveCfg = Release|Any CPU
		{D8B60512-F922-42C1-BEC2-6FAC42CE6315}.Release|Any CPU.Build.0 = Release|Any CPU
		{D8B60512-F922-42C1-BEC2-6FAC42CE6315}.Release|x64.ActiveCfg = Release|Any CPU
		{D8B60512-F922-42C1-BEC2-6FAC42CE6315}.Release|x64.Build.0 = Release|Any CPU
		{D8B60512-F922-42C1-BEC2-6FAC42CE6315}.Release|x86.ActiveCfg = Release|Any CPU
		{D8B60512-F922-42C1-BEC2-6FAC42CE6315}.Release|x86.Build.0 = Release|Any CPU
		{75F91ECC-DF5A-4650-878E-4411BCC97D94}.Debug|Any CPU.ActiveCfg = Debug|Any CPU
		{75F91ECC-DF5A-4650-878E-4411BCC97D94}.Debug|Any CPU.Build.0 = Debug|Any CPU
		{75F91ECC-DF5A-4650-878E-4411BCC97D94}.Debug|x64.ActiveCfg = Debug|x64
		{75F91ECC-DF5A-4650-878E-4411BCC97D94}.Debug|x64.Build.0 = Debug|x64
		{75F91ECC-DF5A-4650-878E-4411BCC97D94}.Debug|x86.ActiveCfg = Debug|x86
		{75F91ECC-DF5A-4650-878E-4411BCC97D94}.Debug|x86.Build.0 = Debug|x86
		{75F91ECC-DF5A-4650-878E-4411BCC97D94}.Hybrid|Any CPU.ActiveCfg = Release|Any CPU
		{75F91ECC-DF5A-4650-878E-4411BCC97D94}.Hybrid|Any CPU.Build.0 = Release|Any CPU
		{75F91ECC-DF5A-4650-878E-4411BCC97D94}.Hybrid|x64.ActiveCfg = Release|x64
		{75F91ECC-DF5A-4650-878E-4411BCC97D94}.Hybrid|x64.Build.0 = Release|x64
		{75F91ECC-DF5A-4650-878E-4411BCC97D94}.Hybrid|x86.ActiveCfg = Release|x86
		{75F91ECC-DF5A-4650-878E-4411BCC97D94}.Hybrid|x86.Build.0 = Release|x86
		{75F91ECC-DF5A-4650-878E-4411BCC97D94}.Release|Any CPU.ActiveCfg = Release|Any CPU
		{75F91ECC-DF5A-4650-878E-4411BCC97D94}.Release|Any CPU.Build.0 = Release|Any CPU
		{75F91ECC-DF5A-4650-878E-4411BCC97D94}.Release|x64.ActiveCfg = Release|x64
		{75F91ECC-DF5A-4650-878E-4411BCC97D94}.Release|x64.Build.0 = Release|x64
		{75F91ECC-DF5A-4650-878E-4411BCC97D94}.Release|x86.ActiveCfg = Release|x86
		{75F91ECC-DF5A-4650-878E-4411BCC97D94}.Release|x86.Build.0 = Release|x86
		{23848103-7DC0-4AB0-958F-B8793FFD1F2D}.Debug|Any CPU.ActiveCfg = Debug|Any CPU
		{23848103-7DC0-4AB0-958F-B8793FFD1F2D}.Debug|Any CPU.Build.0 = Debug|Any CPU
		{23848103-7DC0-4AB0-958F-B8793FFD1F2D}.Debug|x64.ActiveCfg = Debug|x64
		{23848103-7DC0-4AB0-958F-B8793FFD1F2D}.Debug|x64.Build.0 = Debug|x64
		{23848103-7DC0-4AB0-958F-B8793FFD1F2D}.Debug|x86.ActiveCfg = Debug|x86
		{23848103-7DC0-4AB0-958F-B8793FFD1F2D}.Debug|x86.Build.0 = Debug|x86
		{23848103-7DC0-4AB0-958F-B8793FFD1F2D}.Hybrid|Any CPU.ActiveCfg = Release|Any CPU
		{23848103-7DC0-4AB0-958F-B8793FFD1F2D}.Hybrid|Any CPU.Build.0 = Release|Any CPU
		{23848103-7DC0-4AB0-958F-B8793FFD1F2D}.Hybrid|x64.ActiveCfg = Release|x64
		{23848103-7DC0-4AB0-958F-B8793FFD1F2D}.Hybrid|x64.Build.0 = Release|x64
		{23848103-7DC0-4AB0-958F-B8793FFD1F2D}.Hybrid|x86.ActiveCfg = Release|x86
		{23848103-7DC0-4AB0-958F-B8793FFD1F2D}.Hybrid|x86.Build.0 = Release|x86
		{23848103-7DC0-4AB0-958F-B8793FFD1F2D}.Release|Any CPU.ActiveCfg = Release|Any CPU
		{23848103-7DC0-4AB0-958F-B8793FFD1F2D}.Release|Any CPU.Build.0 = Release|Any CPU
		{23848103-7DC0-4AB0-958F-B8793FFD1F2D}.Release|x64.ActiveCfg = Release|x64
		{23848103-7DC0-4AB0-958F-B8793FFD1F2D}.Release|x64.Build.0 = Release|x64
		{23848103-7DC0-4AB0-958F-B8793FFD1F2D}.Release|x86.ActiveCfg = Release|x86
		{23848103-7DC0-4AB0-958F-B8793FFD1F2D}.Release|x86.Build.0 = Release|x86
		{FDAB0808-F6E9-44D7-A411-121CCEC2E61E}.Debug|Any CPU.ActiveCfg = Debug|Any CPU
		{FDAB0808-F6E9-44D7-A411-121CCEC2E61E}.Debug|Any CPU.Build.0 = Debug|Any CPU
		{FDAB0808-F6E9-44D7-A411-121CCEC2E61E}.Debug|x64.ActiveCfg = Debug|x64
		{FDAB0808-F6E9-44D7-A411-121CCEC2E61E}.Debug|x64.Build.0 = Debug|x64
		{FDAB0808-F6E9-44D7-A411-121CCEC2E61E}.Debug|x86.ActiveCfg = Debug|x86
		{FDAB0808-F6E9-44D7-A411-121CCEC2E61E}.Debug|x86.Build.0 = Debug|x86
		{FDAB0808-F6E9-44D7-A411-121CCEC2E61E}.Hybrid|Any CPU.ActiveCfg = Release|Any CPU
		{FDAB0808-F6E9-44D7-A411-121CCEC2E61E}.Hybrid|Any CPU.Build.0 = Release|Any CPU
		{FDAB0808-F6E9-44D7-A411-121CCEC2E61E}.Hybrid|x64.ActiveCfg = Release|x64
		{FDAB0808-F6E9-44D7-A411-121CCEC2E61E}.Hybrid|x64.Build.0 = Release|x64
		{FDAB0808-F6E9-44D7-A411-121CCEC2E61E}.Hybrid|x86.ActiveCfg = Release|x86
		{FDAB0808-F6E9-44D7-A411-121CCEC2E61E}.Hybrid|x86.Build.0 = Release|x86
		{FDAB0808-F6E9-44D7-A411-121CCEC2E61E}.Release|Any CPU.ActiveCfg = Release|Any CPU
		{FDAB0808-F6E9-44D7-A411-121CCEC2E61E}.Release|Any CPU.Build.0 = Release|Any CPU
		{FDAB0808-F6E9-44D7-A411-121CCEC2E61E}.Release|x64.ActiveCfg = Release|x64
		{FDAB0808-F6E9-44D7-A411-121CCEC2E61E}.Release|x64.Build.0 = Release|x64
		{FDAB0808-F6E9-44D7-A411-121CCEC2E61E}.Release|x86.ActiveCfg = Release|x86
		{FDAB0808-F6E9-44D7-A411-121CCEC2E61E}.Release|x86.Build.0 = Release|x86
		{3A385F29-42E2-4CAF-B1F2-2A1A7B90A971}.Debug|Any CPU.ActiveCfg = Debug|Any CPU
		{3A385F29-42E2-4CAF-B1F2-2A1A7B90A971}.Debug|Any CPU.Build.0 = Debug|Any CPU
		{3A385F29-42E2-4CAF-B1F2-2A1A7B90A971}.Debug|x64.ActiveCfg = Debug|Any CPU
		{3A385F29-42E2-4CAF-B1F2-2A1A7B90A971}.Debug|x64.Build.0 = Debug|Any CPU
		{3A385F29-42E2-4CAF-B1F2-2A1A7B90A971}.Debug|x86.ActiveCfg = Debug|Any CPU
		{3A385F29-42E2-4CAF-B1F2-2A1A7B90A971}.Debug|x86.Build.0 = Debug|Any CPU
		{3A385F29-42E2-4CAF-B1F2-2A1A7B90A971}.Hybrid|Any CPU.ActiveCfg = Release|Any CPU
		{3A385F29-42E2-4CAF-B1F2-2A1A7B90A971}.Hybrid|Any CPU.Build.0 = Release|Any CPU
		{3A385F29-42E2-4CAF-B1F2-2A1A7B90A971}.Hybrid|x64.ActiveCfg = Release|Any CPU
		{3A385F29-42E2-4CAF-B1F2-2A1A7B90A971}.Hybrid|x64.Build.0 = Release|Any CPU
		{3A385F29-42E2-4CAF-B1F2-2A1A7B90A971}.Hybrid|x86.ActiveCfg = Release|Any CPU
		{3A385F29-42E2-4CAF-B1F2-2A1A7B90A971}.Hybrid|x86.Build.0 = Release|Any CPU
		{3A385F29-42E2-4CAF-B1F2-2A1A7B90A971}.Release|Any CPU.ActiveCfg = Release|Any CPU
		{3A385F29-42E2-4CAF-B1F2-2A1A7B90A971}.Release|Any CPU.Build.0 = Release|Any CPU
		{3A385F29-42E2-4CAF-B1F2-2A1A7B90A971}.Release|x64.ActiveCfg = Release|Any CPU
		{3A385F29-42E2-4CAF-B1F2-2A1A7B90A971}.Release|x64.Build.0 = Release|Any CPU
		{3A385F29-42E2-4CAF-B1F2-2A1A7B90A971}.Release|x86.ActiveCfg = Release|Any CPU
		{3A385F29-42E2-4CAF-B1F2-2A1A7B90A971}.Release|x86.Build.0 = Release|Any CPU
		{6A0A0A9F-86EA-4B84-BDE0-C93DCF95F828}.Debug|Any CPU.ActiveCfg = Debug|Any CPU
		{6A0A0A9F-86EA-4B84-BDE0-C93DCF95F828}.Debug|Any CPU.Build.0 = Debug|Any CPU
		{6A0A0A9F-86EA-4B84-BDE0-C93DCF95F828}.Debug|x64.ActiveCfg = Debug|Any CPU
		{6A0A0A9F-86EA-4B84-BDE0-C93DCF95F828}.Debug|x64.Build.0 = Debug|Any CPU
		{6A0A0A9F-86EA-4B84-BDE0-C93DCF95F828}.Debug|x86.ActiveCfg = Debug|Any CPU
		{6A0A0A9F-86EA-4B84-BDE0-C93DCF95F828}.Debug|x86.Build.0 = Debug|Any CPU
		{6A0A0A9F-86EA-4B84-BDE0-C93DCF95F828}.Hybrid|Any CPU.ActiveCfg = Hybrid|Any CPU
		{6A0A0A9F-86EA-4B84-BDE0-C93DCF95F828}.Hybrid|Any CPU.Build.0 = Hybrid|Any CPU
		{6A0A0A9F-86EA-4B84-BDE0-C93DCF95F828}.Hybrid|x64.ActiveCfg = Hybrid|Any CPU
		{6A0A0A9F-86EA-4B84-BDE0-C93DCF95F828}.Hybrid|x64.Build.0 = Hybrid|Any CPU
		{6A0A0A9F-86EA-4B84-BDE0-C93DCF95F828}.Hybrid|x86.ActiveCfg = Hybrid|Any CPU
		{6A0A0A9F-86EA-4B84-BDE0-C93DCF95F828}.Hybrid|x86.Build.0 = Hybrid|Any CPU
		{6A0A0A9F-86EA-4B84-BDE0-C93DCF95F828}.Release|Any CPU.ActiveCfg = Release|Any CPU
		{6A0A0A9F-86EA-4B84-BDE0-C93DCF95F828}.Release|Any CPU.Build.0 = Release|Any CPU
		{6A0A0A9F-86EA-4B84-BDE0-C93DCF95F828}.Release|x64.ActiveCfg = Release|Any CPU
		{6A0A0A9F-86EA-4B84-BDE0-C93DCF95F828}.Release|x64.Build.0 = Release|Any CPU
		{6A0A0A9F-86EA-4B84-BDE0-C93DCF95F828}.Release|x86.ActiveCfg = Release|Any CPU
		{6A0A0A9F-86EA-4B84-BDE0-C93DCF95F828}.Release|x86.Build.0 = Release|Any CPU
		{964CEC1A-D2A6-40D8-A2C3-5CFF6F534316}.Debug|Any CPU.ActiveCfg = Debug|Any CPU
		{964CEC1A-D2A6-40D8-A2C3-5CFF6F534316}.Debug|Any CPU.Build.0 = Debug|Any CPU
		{964CEC1A-D2A6-40D8-A2C3-5CFF6F534316}.Debug|x64.ActiveCfg = Debug|Any CPU
		{964CEC1A-D2A6-40D8-A2C3-5CFF6F534316}.Debug|x64.Build.0 = Debug|Any CPU
		{964CEC1A-D2A6-40D8-A2C3-5CFF6F534316}.Debug|x86.ActiveCfg = Debug|Any CPU
		{964CEC1A-D2A6-40D8-A2C3-5CFF6F534316}.Debug|x86.Build.0 = Debug|Any CPU
		{964CEC1A-D2A6-40D8-A2C3-5CFF6F534316}.Hybrid|Any CPU.ActiveCfg = Hybrid|Any CPU
		{964CEC1A-D2A6-40D8-A2C3-5CFF6F534316}.Hybrid|Any CPU.Build.0 = Hybrid|Any CPU
		{964CEC1A-D2A6-40D8-A2C3-5CFF6F534316}.Hybrid|x64.ActiveCfg = Hybrid|Any CPU
		{964CEC1A-D2A6-40D8-A2C3-5CFF6F534316}.Hybrid|x64.Build.0 = Hybrid|Any CPU
		{964CEC1A-D2A6-40D8-A2C3-5CFF6F534316}.Hybrid|x86.ActiveCfg = Hybrid|Any CPU
		{964CEC1A-D2A6-40D8-A2C3-5CFF6F534316}.Hybrid|x86.Build.0 = Hybrid|Any CPU
		{964CEC1A-D2A6-40D8-A2C3-5CFF6F534316}.Release|Any CPU.ActiveCfg = Release|Any CPU
		{964CEC1A-D2A6-40D8-A2C3-5CFF6F534316}.Release|Any CPU.Build.0 = Release|Any CPU
		{964CEC1A-D2A6-40D8-A2C3-5CFF6F534316}.Release|x64.ActiveCfg = Release|Any CPU
		{964CEC1A-D2A6-40D8-A2C3-5CFF6F534316}.Release|x64.Build.0 = Release|Any CPU
		{964CEC1A-D2A6-40D8-A2C3-5CFF6F534316}.Release|x86.ActiveCfg = Release|Any CPU
		{964CEC1A-D2A6-40D8-A2C3-5CFF6F534316}.Release|x86.Build.0 = Release|Any CPU
		{5C67D21F-E477-41B5-9556-D4EF06E4E994}.Debug|Any CPU.ActiveCfg = Debug|Any CPU
		{5C67D21F-E477-41B5-9556-D4EF06E4E994}.Debug|Any CPU.Build.0 = Debug|Any CPU
		{5C67D21F-E477-41B5-9556-D4EF06E4E994}.Debug|x64.ActiveCfg = Debug|Any CPU
		{5C67D21F-E477-41B5-9556-D4EF06E4E994}.Debug|x64.Build.0 = Debug|Any CPU
		{5C67D21F-E477-41B5-9556-D4EF06E4E994}.Debug|x86.ActiveCfg = Debug|Any CPU
		{5C67D21F-E477-41B5-9556-D4EF06E4E994}.Debug|x86.Build.0 = Debug|Any CPU
		{5C67D21F-E477-41B5-9556-D4EF06E4E994}.Hybrid|Any CPU.ActiveCfg = Release|Any CPU
		{5C67D21F-E477-41B5-9556-D4EF06E4E994}.Hybrid|Any CPU.Build.0 = Release|Any CPU
		{5C67D21F-E477-41B5-9556-D4EF06E4E994}.Hybrid|x64.ActiveCfg = Release|Any CPU
		{5C67D21F-E477-41B5-9556-D4EF06E4E994}.Hybrid|x64.Build.0 = Release|Any CPU
		{5C67D21F-E477-41B5-9556-D4EF06E4E994}.Hybrid|x86.ActiveCfg = Release|Any CPU
		{5C67D21F-E477-41B5-9556-D4EF06E4E994}.Hybrid|x86.Build.0 = Release|Any CPU
		{5C67D21F-E477-41B5-9556-D4EF06E4E994}.Release|Any CPU.ActiveCfg = Release|Any CPU
		{5C67D21F-E477-41B5-9556-D4EF06E4E994}.Release|Any CPU.Build.0 = Release|Any CPU
		{5C67D21F-E477-41B5-9556-D4EF06E4E994}.Release|x64.ActiveCfg = Release|Any CPU
		{5C67D21F-E477-41B5-9556-D4EF06E4E994}.Release|x64.Build.0 = Release|Any CPU
		{5C67D21F-E477-41B5-9556-D4EF06E4E994}.Release|x86.ActiveCfg = Release|Any CPU
		{5C67D21F-E477-41B5-9556-D4EF06E4E994}.Release|x86.Build.0 = Release|Any CPU
		{3980ABC5-EBF0-4AEF-ABF7-C382B8614E82}.Debug|Any CPU.ActiveCfg = Debug|Any CPU
		{3980ABC5-EBF0-4AEF-ABF7-C382B8614E82}.Debug|Any CPU.Build.0 = Debug|Any CPU
		{3980ABC5-EBF0-4AEF-ABF7-C382B8614E82}.Debug|x64.ActiveCfg = Debug|Any CPU
		{3980ABC5-EBF0-4AEF-ABF7-C382B8614E82}.Debug|x64.Build.0 = Debug|Any CPU
		{3980ABC5-EBF0-4AEF-ABF7-C382B8614E82}.Debug|x86.ActiveCfg = Debug|Any CPU
		{3980ABC5-EBF0-4AEF-ABF7-C382B8614E82}.Debug|x86.Build.0 = Debug|Any CPU
		{3980ABC5-EBF0-4AEF-ABF7-C382B8614E82}.Hybrid|Any CPU.ActiveCfg = Release|Any CPU
		{3980ABC5-EBF0-4AEF-ABF7-C382B8614E82}.Hybrid|Any CPU.Build.0 = Release|Any CPU
		{3980ABC5-EBF0-4AEF-ABF7-C382B8614E82}.Hybrid|x64.ActiveCfg = Release|Any CPU
		{3980ABC5-EBF0-4AEF-ABF7-C382B8614E82}.Hybrid|x64.Build.0 = Release|Any CPU
		{3980ABC5-EBF0-4AEF-ABF7-C382B8614E82}.Hybrid|x86.ActiveCfg = Release|Any CPU
		{3980ABC5-EBF0-4AEF-ABF7-C382B8614E82}.Hybrid|x86.Build.0 = Release|Any CPU
		{3980ABC5-EBF0-4AEF-ABF7-C382B8614E82}.Release|Any CPU.ActiveCfg = Release|Any CPU
		{3980ABC5-EBF0-4AEF-ABF7-C382B8614E82}.Release|Any CPU.Build.0 = Release|Any CPU
		{3980ABC5-EBF0-4AEF-ABF7-C382B8614E82}.Release|x64.ActiveCfg = Release|Any CPU
		{3980ABC5-EBF0-4AEF-ABF7-C382B8614E82}.Release|x64.Build.0 = Release|Any CPU
		{3980ABC5-EBF0-4AEF-ABF7-C382B8614E82}.Release|x86.ActiveCfg = Release|Any CPU
		{3980ABC5-EBF0-4AEF-ABF7-C382B8614E82}.Release|x86.Build.0 = Release|Any CPU
		{3DF5724D-C88A-460B-82B6-396FA0C740FF}.Debug|Any CPU.ActiveCfg = Debug|Any CPU
		{3DF5724D-C88A-460B-82B6-396FA0C740FF}.Debug|Any CPU.Build.0 = Debug|Any CPU
		{3DF5724D-C88A-460B-82B6-396FA0C740FF}.Debug|x64.ActiveCfg = Debug|Any CPU
		{3DF5724D-C88A-460B-82B6-396FA0C740FF}.Debug|x64.Build.0 = Debug|Any CPU
		{3DF5724D-C88A-460B-82B6-396FA0C740FF}.Debug|x86.ActiveCfg = Debug|Any CPU
		{3DF5724D-C88A-460B-82B6-396FA0C740FF}.Debug|x86.Build.0 = Debug|Any CPU
		{3DF5724D-C88A-460B-82B6-396FA0C740FF}.Hybrid|Any CPU.ActiveCfg = Release|Any CPU
		{3DF5724D-C88A-460B-82B6-396FA0C740FF}.Hybrid|Any CPU.Build.0 = Release|Any CPU
		{3DF5724D-C88A-460B-82B6-396FA0C740FF}.Hybrid|x64.ActiveCfg = Release|Any CPU
		{3DF5724D-C88A-460B-82B6-396FA0C740FF}.Hybrid|x64.Build.0 = Release|Any CPU
		{3DF5724D-C88A-460B-82B6-396FA0C740FF}.Hybrid|x86.ActiveCfg = Release|Any CPU
		{3DF5724D-C88A-460B-82B6-396FA0C740FF}.Hybrid|x86.Build.0 = Release|Any CPU
		{3DF5724D-C88A-460B-82B6-396FA0C740FF}.Release|Any CPU.ActiveCfg = Release|Any CPU
		{3DF5724D-C88A-460B-82B6-396FA0C740FF}.Release|Any CPU.Build.0 = Release|Any CPU
		{3DF5724D-C88A-460B-82B6-396FA0C740FF}.Release|x64.ActiveCfg = Release|Any CPU
		{3DF5724D-C88A-460B-82B6-396FA0C740FF}.Release|x64.Build.0 = Release|Any CPU
		{3DF5724D-C88A-460B-82B6-396FA0C740FF}.Release|x86.ActiveCfg = Release|Any CPU
		{3DF5724D-C88A-460B-82B6-396FA0C740FF}.Release|x86.Build.0 = Release|Any CPU
	EndGlobalSection
	GlobalSection(SolutionProperties) = preSolution
		HideSolutionNode = FALSE
	EndGlobalSection
EndGlobal
